
Microsoft Visual Studio Solution File, Format Version 12.00
# Visual Studio Version 17
VisualStudioVersion = 17.0.31919.166
MinimumVisualStudioVersion = 10.0.40219.1
Project("{9A19103F-16F7-4668-BE54-9A1E7A4F7556}") = "ProWay.OrientacaoObjetos.Models", "ProWay.OrientacaoObjetos.Models\ProWay.OrientacaoObjetos.Models.csproj", "{733F6784-1DC7-4E00-9B49-4F05D6E45D6B}"
EndProject
Project("{FAE04EC0-301F-11D3-BF4B-00C04F79EFBC}") = "ProWay.OrientacaoObjetos.Services", "ProWay.OrientacaoObjetos.Services\ProWay.OrientacaoObjetos.Services.csproj", "{642663BE-9721-483B-96A2-9C2F3D7F5C58}"
EndProject
Project("{FAE04EC0-301F-11D3-BF4B-00C04F79EFBC}") = "ProWay.OrientacaoObjetos.Views", "ProWay,OrientacaoObjetos.Views\ProWay.OrientacaoObjetos.Views.csproj", "{E6CF45E3-177E-46FB-8254-53D2ECF3B9A1}"
EndProject
Global
	GlobalSection(SolutionConfigurationPlatforms) = preSolution
		Debug|Any CPU = Debug|Any CPU
		Release|Any CPU = Release|Any CPU
	EndGlobalSection
	GlobalSection(ProjectConfigurationPlatforms) = postSolution
		{733F6784-1DC7-4E00-9B49-4F05D6E45D6B}.Debug|Any CPU.ActiveCfg = Debug|Any CPU
		{733F6784-1DC7-4E00-9B49-4F05D6E45D6B}.Debug|Any CPU.Build.0 = Debug|Any CPU
		{733F6784-1DC7-4E00-9B49-4F05D6E45D6B}.Release|Any CPU.ActiveCfg = Release|Any CPU
		{733F6784-1DC7-4E00-9B49-4F05D6E45D6B}.Release|Any CPU.Build.0 = Release|Any CPU
		{642663BE-9721-483B-96A2-9C2F3D7F5C58}.Debug|Any CPU.ActiveCfg = Debug|Any CPU
		{642663BE-9721-483B-96A2-9C2F3D7F5C58}.Debug|Any CPU.Build.0 = Debug|Any CPU
		{642663BE-9721-483B-96A2-9C2F3D7F5C58}.Release|Any CPU.ActiveCfg = Release|Any CPU
		{642663BE-9721-483B-96A2-9C2F3D7F5C58}.Release|Any CPU.Build.0 = Release|Any CPU
		{E6CF45E3-177E-46FB-8254-53D2ECF3B9A1}.Debug|Any CPU.ActiveCfg = Debug|Any CPU
		{E6CF45E3-177E-46FB-8254-53D2ECF3B9A1}.Debug|Any CPU.Build.0 = Debug|Any CPU
		{E6CF45E3-177E-46FB-8254-53D2ECF3B9A1}.Release|Any CPU.ActiveCfg = Release|Any CPU
		{E6CF45E3-177E-46FB-8254-53D2ECF3B9A1}.Release|Any CPU.Build.0 = Release|Any CPU
	EndGlobalSection
	GlobalSection(SolutionProperties) = preSolution
		HideSolutionNode = FALSE
	EndGlobalSection
	GlobalSection(ExtensibilityGlobals) = postSolution
		SolutionGuid = {A38099D5-DD32-49F3-B5AA-2F9DAB5A0B86}
	EndGlobalSection
EndGlobal
