
Microsoft Visual Studio Solution File, Format Version 12.00
# Visual Studio Version 17
VisualStudioVersion = 17.3.32922.545
MinimumVisualStudioVersion = 10.0.40219.1
Project("{9A19103F-16F7-4668-BE54-9A1E7A4F7556}") = "Proway.Projeto00", "Proway.Projeto00\Proway.Projeto00.csproj", "{86114710-435D-4807-85EF-7F3F68FB3B14}"
	ProjectSection(ProjectDependencies) = postProject
		{5BECD9C1-534A-471D-A443-1B406D1FCA8F} = {5BECD9C1-534A-471D-A443-1B406D1FCA8F}
	EndProjectSection
EndProject
Project("{9A19103F-16F7-4668-BE54-9A1E7A4F7556}") = "Service", "Service\Service.csproj", "{5BECD9C1-534A-471D-A443-1B406D1FCA8F}"
EndProject
Project("{9A19103F-16F7-4668-BE54-9A1E7A4F7556}") = "Repository", "Repository\Repository.csproj", "{0ED24469-2B32-4962-88E2-C90BC9AB4D06}"
EndProject
Project("{2150E333-8FDC-42A3-9474-1A3956D46DE8}") = "00 - Application", "00 - Application", "{43BFF8A0-8A8E-48DF-A24F-CCB4E11CF811}"
EndProject
Project("{2150E333-8FDC-42A3-9474-1A3956D46DE8}") = "01 - Service", "01 - Service", "{0A07AECE-B69F-48C2-BF6B-BF4D281D88CF}"
EndProject
Project("{2150E333-8FDC-42A3-9474-1A3956D46DE8}") = "02 - Repository", "02 - Repository", "{3114A2B3-F657-4A18-B361-598603842853}"
EndProject
Project("{2150E333-8FDC-42A3-9474-1A3956D46DE8}") = "03 - Globalization", "03 - Globalization", "{022C52A9-0C2C-4040-B8D9-60E55E527C32}"
EndProject
Project("{9A19103F-16F7-4668-BE54-9A1E7A4F7556}") = "Globalization", "Globalization\Globalization.csproj", "{489E2247-0BA5-44E2-86B9-CA3735B93855}"
EndProject
Project("{9A19103F-16F7-4668-BE54-9A1E7A4F7556}") = "Proway.Projeto00.API", "Proway.Projeto00.API\Proway.Projeto00.API.csproj", "{9379D4FE-D6AE-4D89-80C6-601A32D13ADF}"
EndProject
Project("{2150E333-8FDC-42A3-9474-1A3956D46DE8}") = "04 - Testes", "04 - Testes", "{DA2958F0-A7D7-4065-99C7-3E68AA287358}"
EndProject
Project("{FAE04EC0-301F-11D3-BF4B-00C04F79EFBC}") = "ProwayTests", "ProwayTests\ProwayTests.csproj", "{20981A8D-5CDA-4A2B-865C-4B22EB7B167C}"
EndProject
Global
	GlobalSection(SolutionConfigurationPlatforms) = preSolution
		Debug|Any CPU = Debug|Any CPU
		Release|Any CPU = Release|Any CPU
	EndGlobalSection
	GlobalSection(ProjectConfigurationPlatforms) = postSolution
		{86114710-435D-4807-85EF-7F3F68FB3B14}.Debug|Any CPU.ActiveCfg = Debug|Any CPU
		{86114710-435D-4807-85EF-7F3F68FB3B14}.Debug|Any CPU.Build.0 = Debug|Any CPU
		{86114710-435D-4807-85EF-7F3F68FB3B14}.Release|Any CPU.ActiveCfg = Release|Any CPU
		{86114710-435D-4807-85EF-7F3F68FB3B14}.Release|Any CPU.Build.0 = Release|Any CPU
		{5BECD9C1-534A-471D-A443-1B406D1FCA8F}.Debug|Any CPU.ActiveCfg = Debug|Any CPU
		{5BECD9C1-534A-471D-A443-1B406D1FCA8F}.Debug|Any CPU.Build.0 = Debug|Any CPU
		{5BECD9C1-534A-471D-A443-1B406D1FCA8F}.Release|Any CPU.ActiveCfg = Release|Any CPU
		{5BECD9C1-534A-471D-A443-1B406D1FCA8F}.Release|Any CPU.Build.0 = Release|Any CPU
		{0ED24469-2B32-4962-88E2-C90BC9AB4D06}.Debug|Any CPU.ActiveCfg = Debug|Any CPU
		{0ED24469-2B32-4962-88E2-C90BC9AB4D06}.Debug|Any CPU.Build.0 = Debug|Any CPU
		{0ED24469-2B32-4962-88E2-C90BC9AB4D06}.Release|Any CPU.ActiveCfg = Release|Any CPU
		{0ED24469-2B32-4962-88E2-C90BC9AB4D06}.Release|Any CPU.Build.0 = Release|Any CPU
		{489E2247-0BA5-44E2-86B9-CA3735B93855}.Debug|Any CPU.ActiveCfg = Debug|Any CPU
		{489E2247-0BA5-44E2-86B9-CA3735B93855}.Debug|Any CPU.Build.0 = Debug|Any CPU
		{489E2247-0BA5-44E2-86B9-CA3735B93855}.Release|Any CPU.ActiveCfg = Release|Any CPU
		{489E2247-0BA5-44E2-86B9-CA3735B93855}.Release|Any CPU.Build.0 = Release|Any CPU
		{9379D4FE-D6AE-4D89-80C6-601A32D13ADF}.Debug|Any CPU.ActiveCfg = Debug|Any CPU
		{9379D4FE-D6AE-4D89-80C6-601A32D13ADF}.Debug|Any CPU.Build.0 = Debug|Any CPU
		{9379D4FE-D6AE-4D89-80C6-601A32D13ADF}.Release|Any CPU.ActiveCfg = Release|Any CPU
		{9379D4FE-D6AE-4D89-80C6-601A32D13ADF}.Release|Any CPU.Build.0 = Release|Any CPU
		{20981A8D-5CDA-4A2B-865C-4B22EB7B167C}.Debug|Any CPU.ActiveCfg = Debug|Any CPU
		{20981A8D-5CDA-4A2B-865C-4B22EB7B167C}.Debug|Any CPU.Build.0 = Debug|Any CPU
		{20981A8D-5CDA-4A2B-865C-4B22EB7B167C}.Release|Any CPU.ActiveCfg = Release|Any CPU
		{20981A8D-5CDA-4A2B-865C-4B22EB7B167C}.Release|Any CPU.Build.0 = Release|Any CPU
	EndGlobalSection
	GlobalSection(SolutionProperties) = preSolution
		HideSolutionNode = FALSE
	EndGlobalSection
	GlobalSection(NestedProjects) = preSolution
		{86114710-435D-4807-85EF-7F3F68FB3B14} = {43BFF8A0-8A8E-48DF-A24F-CCB4E11CF811}
		{5BECD9C1-534A-471D-A443-1B406D1FCA8F} = {0A07AECE-B69F-48C2-BF6B-BF4D281D88CF}
		{0ED24469-2B32-4962-88E2-C90BC9AB4D06} = {3114A2B3-F657-4A18-B361-598603842853}
		{489E2247-0BA5-44E2-86B9-CA3735B93855} = {022C52A9-0C2C-4040-B8D9-60E55E527C32}
		{9379D4FE-D6AE-4D89-80C6-601A32D13ADF} = {43BFF8A0-8A8E-48DF-A24F-CCB4E11CF811}
		{20981A8D-5CDA-4A2B-865C-4B22EB7B167C} = {DA2958F0-A7D7-4065-99C7-3E68AA287358}
	EndGlobalSection
	GlobalSection(ExtensibilityGlobals) = postSolution
		SolutionGuid = {07D9A929-1C06-4042-AE12-0E8E7B994C78}
	EndGlobalSection
EndGlobal
